// !$*UTF8*$!
{
	archiveVersion = 1;
	classes = {
	};
	objectVersion = 56;
	objects = {

/* Begin PBXBuildFile section */
		262F81682A7AE0E700B91ACC /* SumApp.swift in Sources */ = {isa = PBXBuildFile; fileRef = 262F81672A7AE0E700B91ACC /* SumApp.swift */; };
		262F816A2A7AE0E700B91ACC /* CalculatorView.swift in Sources */ = {isa = PBXBuildFile; fileRef = 262F81692A7AE0E700B91ACC /* CalculatorView.swift */; };
		262F816C2A7AE0E800B91ACC /* Assets.xcassets in Resources */ = {isa = PBXBuildFile; fileRef = 262F816B2A7AE0E800B91ACC /* Assets.xcassets */; };
		262F816F2A7AE0E800B91ACC /* Preview Assets.xcassets in Resources */ = {isa = PBXBuildFile; fileRef = 262F816E2A7AE0E800B91ACC /* Preview Assets.xcassets */; };
		262F81792A7AE0E800B91ACC /* SumTests.swift in Sources */ = {isa = PBXBuildFile; fileRef = 262F81782A7AE0E800B91ACC /* SumTests.swift */; };
		262F81832A7AE0E800B91ACC /* SumUITests.swift in Sources */ = {isa = PBXBuildFile; fileRef = 262F81822A7AE0E800B91ACC /* SumUITests.swift */; };
		262F81852A7AE0E800B91ACC /* SumUITestsLaunchTests.swift in Sources */ = {isa = PBXBuildFile; fileRef = 262F81842A7AE0E800B91ACC /* SumUITestsLaunchTests.swift */; };
		26CC68572AA6519D0071AE5E /* KeypadView.swift in Sources */ = {isa = PBXBuildFile; fileRef = 26CC68562AA6519D0071AE5E /* KeypadView.swift */; };
		26CC68592AA653BD0071AE5E /* ThemeManager.swift in Sources */ = {isa = PBXBuildFile; fileRef = 26CC68582AA653BD0071AE5E /* ThemeManager.swift */; };
		26CC685B2AA668700071AE5E /* Theme.swift in Sources */ = {isa = PBXBuildFile; fileRef = 26CC685A2AA668700071AE5E /* Theme.swift */; };
		3742E7722AA679A40070C186 /* ThemeToggleView.swift in Sources */ = {isa = PBXBuildFile; fileRef = 3742E7712AA679A40070C186 /* ThemeToggleView.swift */; };
		3742E7742AA68E650070C186 /* CalculatorAction.swift in Sources */ = {isa = PBXBuildFile; fileRef = 3742E7732AA68E650070C186 /* CalculatorAction.swift */; };
		3742E7762AA68E930070C186 /* CalculatorViewModel.swift in Sources */ = {isa = PBXBuildFile; fileRef = 3742E7752AA68E930070C186 /* CalculatorViewModel.swift */; };
		3742E7782AA6902A0070C186 /* CalculatorButton.swift in Sources */ = {isa = PBXBuildFile; fileRef = 3742E7772AA6902A0070C186 /* CalculatorButton.swift */; };
		376AB28D2AA6A433000E6EDF /* Rubik-VariableFont_wght.ttf in Resources */ = {isa = PBXBuildFile; fileRef = 376AB27E2AA6A401000E6EDF /* Rubik-VariableFont_wght.ttf */; };
/* End PBXBuildFile section */

/* Begin PBXContainerItemProxy section */
		262F81752A7AE0E800B91ACC /* PBXContainerItemProxy */ = {
			isa = PBXContainerItemProxy;
			containerPortal = 262F815C2A7AE0E700B91ACC /* Project object */;
			proxyType = 1;
			remoteGlobalIDString = 262F81632A7AE0E700B91ACC;
			remoteInfo = Sum;
		};
		262F817F2A7AE0E800B91ACC /* PBXContainerItemProxy */ = {
			isa = PBXContainerItemProxy;
			containerPortal = 262F815C2A7AE0E700B91ACC /* Project object */;
			proxyType = 1;
			remoteGlobalIDString = 262F81632A7AE0E700B91ACC;
			remoteInfo = Sum;
		};
/* End PBXContainerItemProxy section */

/* Begin PBXFileReference section */
		262F81642A7AE0E700B91ACC /* Sum.app */ = {isa = PBXFileReference; explicitFileType = wrapper.application; includeInIndex = 0; path = Sum.app; sourceTree = BUILT_PRODUCTS_DIR; };
		262F81672A7AE0E700B91ACC /* SumApp.swift */ = {isa = PBXFileReference; lastKnownFileType = sourcecode.swift; path = SumApp.swift; sourceTree = "<group>"; };
		262F81692A7AE0E700B91ACC /* CalculatorView.swift */ = {isa = PBXFileReference; lastKnownFileType = sourcecode.swift; path = CalculatorView.swift; sourceTree = "<group>"; };
		262F816B2A7AE0E800B91ACC /* Assets.xcassets */ = {isa = PBXFileReference; lastKnownFileType = folder.assetcatalog; path = Assets.xcassets; sourceTree = "<group>"; };
		262F816E2A7AE0E800B91ACC /* Preview Assets.xcassets */ = {isa = PBXFileReference; lastKnownFileType = folder.assetcatalog; path = "Preview Assets.xcassets"; sourceTree = "<group>"; };
		262F81742A7AE0E800B91ACC /* SumTests.xctest */ = {isa = PBXFileReference; explicitFileType = wrapper.cfbundle; includeInIndex = 0; path = SumTests.xctest; sourceTree = BUILT_PRODUCTS_DIR; };
		262F81782A7AE0E800B91ACC /* SumTests.swift */ = {isa = PBXFileReference; lastKnownFileType = sourcecode.swift; path = SumTests.swift; sourceTree = "<group>"; };
		262F817E2A7AE0E800B91ACC /* SumUITests.xctest */ = {isa = PBXFileReference; explicitFileType = wrapper.cfbundle; includeInIndex = 0; path = SumUITests.xctest; sourceTree = BUILT_PRODUCTS_DIR; };
		262F81822A7AE0E800B91ACC /* SumUITests.swift */ = {isa = PBXFileReference; lastKnownFileType = sourcecode.swift; path = SumUITests.swift; sourceTree = "<group>"; };
		262F81842A7AE0E800B91ACC /* SumUITestsLaunchTests.swift */ = {isa = PBXFileReference; lastKnownFileType = sourcecode.swift; path = SumUITestsLaunchTests.swift; sourceTree = "<group>"; };
		26CC68562AA6519D0071AE5E /* KeypadView.swift */ = {isa = PBXFileReference; lastKnownFileType = sourcecode.swift; path = KeypadView.swift; sourceTree = "<group>"; };
		26CC68582AA653BD0071AE5E /* ThemeManager.swift */ = {isa = PBXFileReference; lastKnownFileType = sourcecode.swift; path = ThemeManager.swift; sourceTree = "<group>"; };
		26CC685A2AA668700071AE5E /* Theme.swift */ = {isa = PBXFileReference; lastKnownFileType = sourcecode.swift; path = Theme.swift; sourceTree = "<group>"; };
		3742E7712AA679A40070C186 /* ThemeToggleView.swift */ = {isa = PBXFileReference; lastKnownFileType = sourcecode.swift; path = ThemeToggleView.swift; sourceTree = "<group>"; };
		3742E7732AA68E650070C186 /* CalculatorAction.swift */ = {isa = PBXFileReference; lastKnownFileType = sourcecode.swift; path = CalculatorAction.swift; sourceTree = "<group>"; };
		3742E7752AA68E930070C186 /* CalculatorViewModel.swift */ = {isa = PBXFileReference; lastKnownFileType = sourcecode.swift; path = CalculatorViewModel.swift; sourceTree = "<group>"; };
		3742E7772AA6902A0070C186 /* CalculatorButton.swift */ = {isa = PBXFileReference; lastKnownFileType = sourcecode.swift; path = CalculatorButton.swift; sourceTree = "<group>"; };
		376AB27D2AA6A401000E6EDF /* Rubik-Italic-VariableFont_wght.ttf */ = {isa = PBXFileReference; lastKnownFileType = file; path = "Rubik-Italic-VariableFont_wght.ttf"; sourceTree = "<group>"; };
		376AB27E2AA6A401000E6EDF /* Rubik-VariableFont_wght.ttf */ = {isa = PBXFileReference; lastKnownFileType = file; path = "Rubik-VariableFont_wght.ttf"; sourceTree = "<group>"; };
		376AB27F2AA6A418000E6EDF /* Rubik-SemiBoldItalic.ttf */ = {isa = PBXFileReference; lastKnownFileType = file; path = "Rubik-SemiBoldItalic.ttf"; sourceTree = "<group>"; };
		376AB2802AA6A418000E6EDF /* Rubik-Italic.ttf */ = {isa = PBXFileReference; lastKnownFileType = file; path = "Rubik-Italic.ttf"; sourceTree = "<group>"; };
		376AB2812AA6A418000E6EDF /* Rubik-ExtraBoldItalic.ttf */ = {isa = PBXFileReference; lastKnownFileType = file; path = "Rubik-ExtraBoldItalic.ttf"; sourceTree = "<group>"; };
		376AB2822AA6A418000E6EDF /* Rubik-Light.ttf */ = {isa = PBXFileReference; lastKnownFileType = file; path = "Rubik-Light.ttf"; sourceTree = "<group>"; };
		376AB2832AA6A418000E6EDF /* Rubik-BoldItalic.ttf */ = {isa = PBXFileReference; lastKnownFileType = file; path = "Rubik-BoldItalic.ttf"; sourceTree = "<group>"; };
		376AB2842AA6A418000E6EDF /* Rubik-Bold.ttf */ = {isa = PBXFileReference; lastKnownFileType = file; path = "Rubik-Bold.ttf"; sourceTree = "<group>"; };
		376AB2852AA6A418000E6EDF /* Rubik-BlackItalic.ttf */ = {isa = PBXFileReference; lastKnownFileType = file; path = "Rubik-BlackItalic.ttf"; sourceTree = "<group>"; };
		376AB2862AA6A418000E6EDF /* Rubik-MediumItalic.ttf */ = {isa = PBXFileReference; lastKnownFileType = file; path = "Rubik-MediumItalic.ttf"; sourceTree = "<group>"; };
		376AB2872AA6A418000E6EDF /* Rubik-Medium.ttf */ = {isa = PBXFileReference; lastKnownFileType = file; path = "Rubik-Medium.ttf"; sourceTree = "<group>"; };
		376AB2882AA6A418000E6EDF /* Rubik-Regular.ttf */ = {isa = PBXFileReference; lastKnownFileType = file; path = "Rubik-Regular.ttf"; sourceTree = "<group>"; };
		376AB2892AA6A418000E6EDF /* Rubik-ExtraBold.ttf */ = {isa = PBXFileReference; lastKnownFileType = file; path = "Rubik-ExtraBold.ttf"; sourceTree = "<group>"; };
		376AB28A2AA6A418000E6EDF /* Rubik-Black.ttf */ = {isa = PBXFileReference; lastKnownFileType = file; path = "Rubik-Black.ttf"; sourceTree = "<group>"; };
		376AB28B2AA6A418000E6EDF /* Rubik-LightItalic.ttf */ = {isa = PBXFileReference; lastKnownFileType = file; path = "Rubik-LightItalic.ttf"; sourceTree = "<group>"; };
		376AB28C2AA6A418000E6EDF /* Rubik-SemiBold.ttf */ = {isa = PBXFileReference; lastKnownFileType = file; path = "Rubik-SemiBold.ttf"; sourceTree = "<group>"; };
		376AB28E2AA6A4C5000E6EDF /* Info.plist */ = {isa = PBXFileReference; lastKnownFileType = text.plist; path = Info.plist; sourceTree = "<group>"; };
/* End PBXFileReference section */

/* Begin PBXFrameworksBuildPhase section */
		262F81612A7AE0E700B91ACC /* Frameworks */ = {
			isa = PBXFrameworksBuildPhase;
			buildActionMask = 2147483647;
			files = (
			);
			runOnlyForDeploymentPostprocessing = 0;
		};
		262F81712A7AE0E800B91ACC /* Frameworks */ = {
			isa = PBXFrameworksBuildPhase;
			buildActionMask = 2147483647;
			files = (
			);
			runOnlyForDeploymentPostprocessing = 0;
		};
		262F817B2A7AE0E800B91ACC /* Frameworks */ = {
			isa = PBXFrameworksBuildPhase;
			buildActionMask = 2147483647;
			files = (
			);
			runOnlyForDeploymentPostprocessing = 0;
		};
/* End PBXFrameworksBuildPhase section */

/* Begin PBXGroup section */
		262F815B2A7AE0E700B91ACC = {
			isa = PBXGroup;
			children = (
				262F81662A7AE0E700B91ACC /* Sum */,
				262F81772A7AE0E800B91ACC /* SumTests */,
				262F81812A7AE0E800B91ACC /* SumUITests */,
				262F81652A7AE0E700B91ACC /* Products */,
			);
			sourceTree = "<group>";
		};
		262F81652A7AE0E700B91ACC /* Products */ = {
			isa = PBXGroup;
			children = (
				262F81642A7AE0E700B91ACC /* Sum.app */,
				262F81742A7AE0E800B91ACC /* SumTests.xctest */,
				262F817E2A7AE0E800B91ACC /* SumUITests.xctest */,
			);
			name = Products;
			sourceTree = "<group>";
		};
		262F81662A7AE0E700B91ACC /* Sum */ = {
			isa = PBXGroup;
			children = (
				376AB28E2AA6A4C5000E6EDF /* Info.plist */,
				376AB27A2AA6A3E4000E6EDF /* Fonts */,
				3742E76E2AA66D3F0070C186 /* Theme */,
				3742E76D2AA66D2D0070C186 /* ViewModel */,
				3742E76C2AA66D1B0070C186 /* View */,
				3742E76B2AA66D110070C186 /* Model */,
				262F81672A7AE0E700B91ACC /* SumApp.swift */,
				262F816B2A7AE0E800B91ACC /* Assets.xcassets */,
				262F816D2A7AE0E800B91ACC /* Preview Content */,
			);
			path = Sum;
			sourceTree = "<group>";
		};
		262F816D2A7AE0E800B91ACC /* Preview Content */ = {
			isa = PBXGroup;
			children = (
				262F816E2A7AE0E800B91ACC /* Preview Assets.xcassets */,
			);
			path = "Preview Content";
			sourceTree = "<group>";
		};
		262F81772A7AE0E800B91ACC /* SumTests */ = {
			isa = PBXGroup;
			children = (
				262F81782A7AE0E800B91ACC /* SumTests.swift */,
			);
			path = SumTests;
			sourceTree = "<group>";
		};
		262F81812A7AE0E800B91ACC /* SumUITests */ = {
			isa = PBXGroup;
			children = (
				262F81822A7AE0E800B91ACC /* SumUITests.swift */,
				262F81842A7AE0E800B91ACC /* SumUITestsLaunchTests.swift */,
			);
			path = SumUITests;
			sourceTree = "<group>";
		};
		3742E76B2AA66D110070C186 /* Model */ = {
			isa = PBXGroup;
			children = (
			);
			path = Model;
			sourceTree = "<group>";
		};
		3742E76C2AA66D1B0070C186 /* View */ = {
			isa = PBXGroup;
			children = (
				262F81692A7AE0E700B91ACC /* CalculatorView.swift */,
				26CC68562AA6519D0071AE5E /* KeypadView.swift */,
				3742E7712AA679A40070C186 /* ThemeToggleView.swift */,
				3742E7772AA6902A0070C186 /* CalculatorButton.swift */,
			);
			path = View;
			sourceTree = "<group>";
		};
		3742E76D2AA66D2D0070C186 /* ViewModel */ = {
			isa = PBXGroup;
			children = (
				3742E7732AA68E650070C186 /* CalculatorAction.swift */,
				3742E7752AA68E930070C186 /* CalculatorViewModel.swift */,
			);
			path = ViewModel;
			sourceTree = "<group>";
		};
		3742E76E2AA66D3F0070C186 /* Theme */ = {
			isa = PBXGroup;
			children = (
				26CC68582AA653BD0071AE5E /* ThemeManager.swift */,
				26CC685A2AA668700071AE5E /* Theme.swift */,
			);
			path = Theme;
			sourceTree = "<group>";
		};
		376AB27A2AA6A3E4000E6EDF /* Fonts */ = {
			isa = PBXGroup;
			children = (
				376AB27D2AA6A401000E6EDF /* Rubik-Italic-VariableFont_wght.ttf */,
				376AB27E2AA6A401000E6EDF /* Rubik-VariableFont_wght.ttf */,
				376AB28A2AA6A418000E6EDF /* Rubik-Black.ttf */,
				376AB2852AA6A418000E6EDF /* Rubik-BlackItalic.ttf */,
				376AB2842AA6A418000E6EDF /* Rubik-Bold.ttf */,
				376AB2832AA6A418000E6EDF /* Rubik-BoldItalic.ttf */,
				376AB2892AA6A418000E6EDF /* Rubik-ExtraBold.ttf */,
				376AB2812AA6A418000E6EDF /* Rubik-ExtraBoldItalic.ttf */,
				376AB2802AA6A418000E6EDF /* Rubik-Italic.ttf */,
				376AB2822AA6A418000E6EDF /* Rubik-Light.ttf */,
				376AB28B2AA6A418000E6EDF /* Rubik-LightItalic.ttf */,
				376AB2872AA6A418000E6EDF /* Rubik-Medium.ttf */,
				376AB2862AA6A418000E6EDF /* Rubik-MediumItalic.ttf */,
				376AB2882AA6A418000E6EDF /* Rubik-Regular.ttf */,
				376AB28C2AA6A418000E6EDF /* Rubik-SemiBold.ttf */,
				376AB27F2AA6A418000E6EDF /* Rubik-SemiBoldItalic.ttf */,
			);
			path = Fonts;
			sourceTree = "<group>";
		};
/* End PBXGroup section */

/* Begin PBXNativeTarget section */
		262F81632A7AE0E700B91ACC /* Sum */ = {
			isa = PBXNativeTarget;
			buildConfigurationList = 262F81882A7AE0E800B91ACC /* Build configuration list for PBXNativeTarget "Sum" */;
			buildPhases = (
				262F81602A7AE0E700B91ACC /* Sources */,
				262F81612A7AE0E700B91ACC /* Frameworks */,
				262F81622A7AE0E700B91ACC /* Resources */,
			);
			buildRules = (
			);
			dependencies = (
			);
			name = Sum;
			productName = Sum;
			productReference = 262F81642A7AE0E700B91ACC /* Sum.app */;
			productType = "com.apple.product-type.application";
		};
		262F81732A7AE0E800B91ACC /* SumTests */ = {
			isa = PBXNativeTarget;
			buildConfigurationList = 262F818B2A7AE0E800B91ACC /* Build configuration list for PBXNativeTarget "SumTests" */;
			buildPhases = (
				262F81702A7AE0E800B91ACC /* Sources */,
				262F81712A7AE0E800B91ACC /* Frameworks */,
				262F81722A7AE0E800B91ACC /* Resources */,
			);
			buildRules = (
			);
			dependencies = (
				262F81762A7AE0E800B91ACC /* PBXTargetDependency */,
			);
			name = SumTests;
			productName = SumTests;
			productReference = 262F81742A7AE0E800B91ACC /* SumTests.xctest */;
			productType = "com.apple.product-type.bundle.unit-test";
		};
		262F817D2A7AE0E800B91ACC /* SumUITests */ = {
			isa = PBXNativeTarget;
			buildConfigurationList = 262F818E2A7AE0E800B91ACC /* Build configuration list for PBXNativeTarget "SumUITests" */;
			buildPhases = (
				262F817A2A7AE0E800B91ACC /* Sources */,
				262F817B2A7AE0E800B91ACC /* Frameworks */,
				262F817C2A7AE0E800B91ACC /* Resources */,
			);
			buildRules = (
			);
			dependencies = (
				262F81802A7AE0E800B91ACC /* PBXTargetDependency */,
			);
			name = SumUITests;
			productName = SumUITests;
			productReference = 262F817E2A7AE0E800B91ACC /* SumUITests.xctest */;
			productType = "com.apple.product-type.bundle.ui-testing";
		};
/* End PBXNativeTarget section */

/* Begin PBXProject section */
		262F815C2A7AE0E700B91ACC /* Project object */ = {
			isa = PBXProject;
			attributes = {
				BuildIndependentTargetsInParallel = 1;
				LastSwiftUpdateCheck = 1430;
				LastUpgradeCheck = 1430;
				TargetAttributes = {
					262F81632A7AE0E700B91ACC = {
						CreatedOnToolsVersion = 14.3.1;
					};
					262F81732A7AE0E800B91ACC = {
						CreatedOnToolsVersion = 14.3.1;
						TestTargetID = 262F81632A7AE0E700B91ACC;
					};
					262F817D2A7AE0E800B91ACC = {
						CreatedOnToolsVersion = 14.3.1;
						TestTargetID = 262F81632A7AE0E700B91ACC;
					};
				};
			};
			buildConfigurationList = 262F815F2A7AE0E700B91ACC /* Build configuration list for PBXProject "Sum" */;
			compatibilityVersion = "Xcode 14.0";
			developmentRegion = en;
			hasScannedForEncodings = 0;
			knownRegions = (
				en,
				Base,
			);
			mainGroup = 262F815B2A7AE0E700B91ACC;
			productRefGroup = 262F81652A7AE0E700B91ACC /* Products */;
			projectDirPath = "";
			projectRoot = "";
			targets = (
				262F81632A7AE0E700B91ACC /* Sum */,
				262F81732A7AE0E800B91ACC /* SumTests */,
				262F817D2A7AE0E800B91ACC /* SumUITests */,
			);
		};
/* End PBXProject section */

/* Begin PBXResourcesBuildPhase section */
		262F81622A7AE0E700B91ACC /* Resources */ = {
			isa = PBXResourcesBuildPhase;
			buildActionMask = 2147483647;
			files = (
				376AB28D2AA6A433000E6EDF /* Rubik-VariableFont_wght.ttf in Resources */,
				262F816F2A7AE0E800B91ACC /* Preview Assets.xcassets in Resources */,
				262F816C2A7AE0E800B91ACC /* Assets.xcassets in Resources */,
			);
			runOnlyForDeploymentPostprocessing = 0;
		};
		262F81722A7AE0E800B91ACC /* Resources */ = {
			isa = PBXResourcesBuildPhase;
			buildActionMask = 2147483647;
			files = (
			);
			runOnlyForDeploymentPostprocessing = 0;
		};
		262F817C2A7AE0E800B91ACC /* Resources */ = {
			isa = PBXResourcesBuildPhase;
			buildActionMask = 2147483647;
			files = (
			);
			runOnlyForDeploymentPostprocessing = 0;
		};
/* End PBXResourcesBuildPhase section */

/* Begin PBXSourcesBuildPhase section */
		262F81602A7AE0E700B91ACC /* Sources */ = {
			isa = PBXSourcesBuildPhase;
			buildActionMask = 2147483647;
			files = (
				262F816A2A7AE0E700B91ACC /* CalculatorView.swift in Sources */,
				3742E7782AA6902A0070C186 /* CalculatorButton.swift in Sources */,
				26CC68592AA653BD0071AE5E /* ThemeManager.swift in Sources */,
				3742E7762AA68E930070C186 /* CalculatorViewModel.swift in Sources */,
				3742E7722AA679A40070C186 /* ThemeToggleView.swift in Sources */,
				26CC685B2AA668700071AE5E /* Theme.swift in Sources */,
				262F81682A7AE0E700B91ACC /* SumApp.swift in Sources */,
				26CC68572AA6519D0071AE5E /* KeypadView.swift in Sources */,
				3742E7742AA68E650070C186 /* CalculatorAction.swift in Sources */,
			);
			runOnlyForDeploymentPostprocessing = 0;
		};
		262F81702A7AE0E800B91ACC /* Sources */ = {
			isa = PBXSourcesBuildPhase;
			buildActionMask = 2147483647;
			files = (
				262F81792A7AE0E800B91ACC /* SumTests.swift in Sources */,
			);
			runOnlyForDeploymentPostprocessing = 0;
		};
		262F817A2A7AE0E800B91ACC /* Sources */ = {
			isa = PBXSourcesBuildPhase;
			buildActionMask = 2147483647;
			files = (
				262F81852A7AE0E800B91ACC /* SumUITestsLaunchTests.swift in Sources */,
				262F81832A7AE0E800B91ACC /* SumUITests.swift in Sources */,
			);
			runOnlyForDeploymentPostprocessing = 0;
		};
/* End PBXSourcesBuildPhase section */

/* Begin PBXTargetDependency section */
		262F81762A7AE0E800B91ACC /* PBXTargetDependency */ = {
			isa = PBXTargetDependency;
			target = 262F81632A7AE0E700B91ACC /* Sum */;
			targetProxy = 262F81752A7AE0E800B91ACC /* PBXContainerItemProxy */;
		};
		262F81802A7AE0E800B91ACC /* PBXTargetDependency */ = {
			isa = PBXTargetDependency;
			target = 262F81632A7AE0E700B91ACC /* Sum */;
			targetProxy = 262F817F2A7AE0E800B91ACC /* PBXContainerItemProxy */;
		};
/* End PBXTargetDependency section */

/* Begin XCBuildConfiguration section */
		262F81862A7AE0E800B91ACC /* Debug */ = {
			isa = XCBuildConfiguration;
			buildSettings = {
				ALWAYS_SEARCH_USER_PATHS = NO;
				CLANG_ANALYZER_NONNULL = YES;
				CLANG_ANALYZER_NUMBER_OBJECT_CONVERSION = YES_AGGRESSIVE;
				CLANG_CXX_LANGUAGE_STANDARD = "gnu++20";
				CLANG_ENABLE_MODULES = YES;
				CLANG_ENABLE_OBJC_ARC = YES;
				CLANG_ENABLE_OBJC_WEAK = YES;
				CLANG_WARN_BLOCK_CAPTURE_AUTORELEASING = YES;
				CLANG_WARN_BOOL_CONVERSION = YES;
				CLANG_WARN_COMMA = YES;
				CLANG_WARN_CONSTANT_CONVERSION = YES;
				CLANG_WARN_DEPRECATED_OBJC_IMPLEMENTATIONS = YES;
				CLANG_WARN_DIRECT_OBJC_ISA_USAGE = YES_ERROR;
				CLANG_WARN_DOCUMENTATION_COMMENTS = YES;
				CLANG_WARN_EMPTY_BODY = YES;
				CLANG_WARN_ENUM_CONVERSION = YES;
				CLANG_WARN_INFINITE_RECURSION = YES;
				CLANG_WARN_INT_CONVERSION = YES;
				CLANG_WARN_NON_LITERAL_NULL_CONVERSION = YES;
				CLANG_WARN_OBJC_IMPLICIT_RETAIN_SELF = YES;
				CLANG_WARN_OBJC_LITERAL_CONVERSION = YES;
				CLANG_WARN_OBJC_ROOT_CLASS = YES_ERROR;
				CLANG_WARN_QUOTED_INCLUDE_IN_FRAMEWORK_HEADER = YES;
				CLANG_WARN_RANGE_LOOP_ANALYSIS = YES;
				CLANG_WARN_STRICT_PROTOTYPES = YES;
				CLANG_WARN_SUSPICIOUS_MOVE = YES;
				CLANG_WARN_UNGUARDED_AVAILABILITY = YES_AGGRESSIVE;
				CLANG_WARN_UNREACHABLE_CODE = YES;
				CLANG_WARN__DUPLICATE_METHOD_MATCH = YES;
				COPY_PHASE_STRIP = NO;
				DEBUG_INFORMATION_FORMAT = dwarf;
				ENABLE_STRICT_OBJC_MSGSEND = YES;
				ENABLE_TESTABILITY = YES;
				GCC_C_LANGUAGE_STANDARD = gnu11;
				GCC_DYNAMIC_NO_PIC = NO;
				GCC_NO_COMMON_BLOCKS = YES;
				GCC_OPTIMIZATION_LEVEL = 0;
				GCC_PREPROCESSOR_DEFINITIONS = (
					"DEBUG=1",
					"$(inherited)",
				);
				GCC_WARN_64_TO_32_BIT_CONVERSION = YES;
				GCC_WARN_ABOUT_RETURN_TYPE = YES_ERROR;
				GCC_WARN_UNDECLARED_SELECTOR = YES;
				GCC_WARN_UNINITIALIZED_AUTOS = YES_AGGRESSIVE;
				GCC_WARN_UNUSED_FUNCTION = YES;
				GCC_WARN_UNUSED_VARIABLE = YES;
				IPHONEOS_DEPLOYMENT_TARGET = 16.4;
				MTL_ENABLE_DEBUG_INFO = INCLUDE_SOURCE;
				MTL_FAST_MATH = YES;
				ONLY_ACTIVE_ARCH = YES;
				SDKROOT = iphoneos;
				SWIFT_ACTIVE_COMPILATION_CONDITIONS = DEBUG;
				SWIFT_OPTIMIZATION_LEVEL = "-Onone";
			};
			name = Debug;
		};
		262F81872A7AE0E800B91ACC /* Release */ = {
			isa = XCBuildConfiguration;
			buildSettings = {
				ALWAYS_SEARCH_USER_PATHS = NO;
				CLANG_ANALYZER_NONNULL = YES;
				CLANG_ANALYZER_NUMBER_OBJECT_CONVERSION = YES_AGGRESSIVE;
				CLANG_CXX_LANGUAGE_STANDARD = "gnu++20";
				CLANG_ENABLE_MODULES = YES;
				CLANG_ENABLE_OBJC_ARC = YES;
				CLANG_ENABLE_OBJC_WEAK = YES;
				CLANG_WARN_BLOCK_CAPTURE_AUTORELEASING = YES;
				CLANG_WARN_BOOL_CONVERSION = YES;
				CLANG_WARN_COMMA = YES;
				CLANG_WARN_CONSTANT_CONVERSION = YES;
				CLANG_WARN_DEPRECATED_OBJC_IMPLEMENTATIONS = YES;
				CLANG_WARN_DIRECT_OBJC_ISA_USAGE = YES_ERROR;
				CLANG_WARN_DOCUMENTATION_COMMENTS = YES;
				CLANG_WARN_EMPTY_BODY = YES;
				CLANG_WARN_ENUM_CONVERSION = YES;
				CLANG_WARN_INFINITE_RECURSION = YES;
				CLANG_WARN_INT_CONVERSION = YES;
				CLANG_WARN_NON_LITERAL_NULL_CONVERSION = YES;
				CLANG_WARN_OBJC_IMPLICIT_RETAIN_SELF = YES;
				CLANG_WARN_OBJC_LITERAL_CONVERSION = YES;
				CLANG_WARN_OBJC_ROOT_CLASS = YES_ERROR;
				CLANG_WARN_QUOTED_INCLUDE_IN_FRAMEWORK_HEADER = YES;
				CLANG_WARN_RANGE_LOOP_ANALYSIS = YES;
				CLANG_WARN_STRICT_PROTOTYPES = YES;
				CLANG_WARN_SUSPICIOUS_MOVE = YES;
				CLANG_WARN_UNGUARDED_AVAILABILITY = YES_AGGRESSIVE;
				CLANG_WARN_UNREACHABLE_CODE = YES;
				CLANG_WARN__DUPLICATE_METHOD_MATCH = YES;
				COPY_PHASE_STRIP = NO;
				DEBUG_INFORMATION_FORMAT = "dwarf-with-dsym";
				ENABLE_NS_ASSERTIONS = NO;
				ENABLE_STRICT_OBJC_MSGSEND = YES;
				GCC_C_LANGUAGE_STANDARD = gnu11;
				GCC_NO_COMMON_BLOCKS = YES;
				GCC_WARN_64_TO_32_BIT_CONVERSION = YES;
				GCC_WARN_ABOUT_RETURN_TYPE = YES_ERROR;
				GCC_WARN_UNDECLARED_SELECTOR = YES;
				GCC_WARN_UNINITIALIZED_AUTOS = YES_AGGRESSIVE;
				GCC_WARN_UNUSED_FUNCTION = YES;
				GCC_WARN_UNUSED_VARIABLE = YES;
				IPHONEOS_DEPLOYMENT_TARGET = 16.4;
				MTL_ENABLE_DEBUG_INFO = NO;
				MTL_FAST_MATH = YES;
				SDKROOT = iphoneos;
				SWIFT_COMPILATION_MODE = wholemodule;
				SWIFT_OPTIMIZATION_LEVEL = "-O";
				VALIDATE_PRODUCT = YES;
			};
			name = Release;
		};
		262F81892A7AE0E800B91ACC /* Debug */ = {
			isa = XCBuildConfiguration;
			buildSettings = {
				ASSETCATALOG_COMPILER_APPICON_NAME = AppIcon;
				ASSETCATALOG_COMPILER_GLOBAL_ACCENT_COLOR_NAME = AccentColor;
				CODE_SIGN_STYLE = Automatic;
				CURRENT_PROJECT_VERSION = 1;
				DEVELOPMENT_ASSET_PATHS = "\"Sum/Preview Content\"";
				DEVELOPMENT_TEAM = SX2MTC42D9;
				ENABLE_PREVIEWS = YES;
				GENERATE_INFOPLIST_FILE = YES;
				INFOPLIST_FILE = Sum/Info.plist;
				INFOPLIST_KEY_UIApplicationSceneManifest_Generation = YES;
				INFOPLIST_KEY_UIApplicationSupportsIndirectInputEvents = YES;
				INFOPLIST_KEY_UILaunchScreen_Generation = YES;
				INFOPLIST_KEY_UISupportedInterfaceOrientations_iPad = "UIInterfaceOrientationPortrait UIInterfaceOrientationPortraitUpsideDown UIInterfaceOrientationLandscapeLeft UIInterfaceOrientationLandscapeRight";
				INFOPLIST_KEY_UISupportedInterfaceOrientations_iPhone = "UIInterfaceOrientationPortrait UIInterfaceOrientationLandscapeLeft UIInterfaceOrientationLandscapeRight";
				LD_RUNPATH_SEARCH_PATHS = (
					"$(inherited)",
					"@executable_path/Frameworks",
				);
				MARKETING_VERSION = 1.0;
				PRODUCT_BUNDLE_IDENTIFIER = com.danrudolf.Sum;
				PRODUCT_NAME = "$(TARGET_NAME)";
				SUPPORTED_PLATFORMS = "iphoneos iphonesimulator";
				SUPPORTS_MACCATALYST = NO;
				SUPPORTS_MAC_DESIGNED_FOR_IPHONE_IPAD = NO;
				SWIFT_EMIT_LOC_STRINGS = YES;
				SWIFT_VERSION = 5.0;
				TARGETED_DEVICE_FAMILY = 1;
			};
			name = Debug;
		};
		262F818A2A7AE0E800B91ACC /* Release */ = {
			isa = XCBuildConfiguration;
			buildSettings = {
				ASSETCATALOG_COMPILER_APPICON_NAME = AppIcon;
				ASSETCATALOG_COMPILER_GLOBAL_ACCENT_COLOR_NAME = AccentColor;
				CODE_SIGN_STYLE = Automatic;
				CURRENT_PROJECT_VERSION = 1;
				DEVELOPMENT_ASSET_PATHS = "\"Sum/Preview Content\"";
				DEVELOPMENT_TEAM = SX2MTC42D9;
				ENABLE_PREVIEWS = YES;
				GENERATE_INFOPLIST_FILE = YES;
				INFOPLIST_FILE = Sum/Info.plist;
				INFOPLIST_KEY_UIApplicationSceneManifest_Generation = YES;
				INFOPLIST_KEY_UIApplicationSupportsIndirectInputEvents = YES;
				INFOPLIST_KEY_UILaunchScreen_Generation = YES;
				INFOPLIST_KEY_UISupportedInterfaceOrientations_iPad = "UIInterfaceOrientationPortrait UIInterfaceOrientationPortraitUpsideDown UIInterfaceOrientationLandscapeLeft UIInterfaceOrientationLandscapeRight";
				INFOPLIST_KEY_UISupportedInterfaceOrientations_iPhone = "UIInterfaceOrientationPortrait UIInterfaceOrientationLandscapeLeft UIInterfaceOrientationLandscapeRight";
				LD_RUNPATH_SEARCH_PATHS = (
					"$(inherited)",
					"@executable_path/Frameworks",
				);
				MARKETING_VERSION = 1.0;
				PRODUCT_BUNDLE_IDENTIFIER = com.danrudolf.Sum;
				PRODUCT_NAME = "$(TARGET_NAME)";
				SUPPORTED_PLATFORMS = "iphoneos iphonesimulator";
				SUPPORTS_MACCATALYST = NO;
				SUPPORTS_MAC_DESIGNED_FOR_IPHONE_IPAD = NO;
				SWIFT_EMIT_LOC_STRINGS = YES;
				SWIFT_VERSION = 5.0;
				TARGETED_DEVICE_FAMILY = 1;
			};
			name = Release;
		};
		262F818C2A7AE0E800B91ACC /* Debug */ = {
			isa = XCBuildConfiguration;
			buildSettings = {
				ALWAYS_EMBED_SWIFT_STANDARD_LIBRARIES = YES;
				BUNDLE_LOADER = "$(TEST_HOST)";
				CODE_SIGN_STYLE = Automatic;
				CURRENT_PROJECT_VERSION = 1;
				DEVELOPMENT_TEAM = SX2MTC42D9;
				GENERATE_INFOPLIST_FILE = YES;
				IPHONEOS_DEPLOYMENT_TARGET = 16.4;
				MARKETING_VERSION = 1.0;
				PRODUCT_BUNDLE_IDENTIFIER = com.danrudolf.SumTests;
				PRODUCT_NAME = "$(TARGET_NAME)";
				SWIFT_EMIT_LOC_STRINGS = NO;
				SWIFT_VERSION = 5.0;
				TARGETED_DEVICE_FAMILY = "1,2";
				TEST_HOST = "$(BUILT_PRODUCTS_DIR)/Sum.app/$(BUNDLE_EXECUTABLE_FOLDER_PATH)/Sum";
			};
			name = Debug;
		};
		262F818D2A7AE0E800B91ACC /* Release */ = {
			isa = XCBuildConfiguration;
			buildSettings = {
				ALWAYS_EMBED_SWIFT_STANDARD_LIBRARIES = YES;
				BUNDLE_LOADER = "$(TEST_HOST)";
				CODE_SIGN_STYLE = Automatic;
				CURRENT_PROJECT_VERSION = 1;
				DEVELOPMENT_TEAM = SX2MTC42D9;
				GENERATE_INFOPLIST_FILE = YES;
				IPHONEOS_DEPLOYMENT_TARGET = 16.4;
				MARKETING_VERSION = 1.0;
				PRODUCT_BUNDLE_IDENTIFIER = com.danrudolf.SumTests;
				PRODUCT_NAME = "$(TARGET_NAME)";
				SWIFT_EMIT_LOC_STRINGS = NO;
				SWIFT_VERSION = 5.0;
				TARGETED_DEVICE_FAMILY = "1,2";
				TEST_HOST = "$(BUILT_PRODUCTS_DIR)/Sum.app/$(BUNDLE_EXECUTABLE_FOLDER_PATH)/Sum";
			};
			name = Release;
		};
		262F818F2A7AE0E800B91ACC /* Debug */ = {
			isa = XCBuildConfiguration;
			buildSettings = {
				ALWAYS_EMBED_SWIFT_STANDARD_LIBRARIES = YES;
				CODE_SIGN_STYLE = Automatic;
				CURRENT_PROJECT_VERSION = 1;
				DEVELOPMENT_TEAM = SX2MTC42D9;
				GENERATE_INFOPLIST_FILE = YES;
				MARKETING_VERSION = 1.0;
				PRODUCT_BUNDLE_IDENTIFIER = com.danrudolf.SumUITests;
				PRODUCT_NAME = "$(TARGET_NAME)";
				SWIFT_EMIT_LOC_STRINGS = NO;
				SWIFT_VERSION = 5.0;
				TARGETED_DEVICE_FAMILY = "1,2";
				TEST_TARGET_NAME = Sum;
			};
			name = Debug;
		};
		262F81902A7AE0E800B91ACC /* Release */ = {
			isa = XCBuildConfiguration;
			buildSettings = {
				ALWAYS_EMBED_SWIFT_STANDARD_LIBRARIES = YES;
				CODE_SIGN_STYLE = Automatic;
				CURRENT_PROJECT_VERSION = 1;
				DEVELOPMENT_TEAM = SX2MTC42D9;
				GENERATE_INFOPLIST_FILE = YES;
				MARKETING_VERSION = 1.0;
				PRODUCT_BUNDLE_IDENTIFIER = com.danrudolf.SumUITests;
				PRODUCT_NAME = "$(TARGET_NAME)";
				SWIFT_EMIT_LOC_STRINGS = NO;
				SWIFT_VERSION = 5.0;
				TARGETED_DEVICE_FAMILY = "1,2";
				TEST_TARGET_NAME = Sum;
			};
			name = Release;
		};
/* End XCBuildConfiguration section */

/* Begin XCConfigurationList section */
		262F815F2A7AE0E700B91ACC /* Build configuration list for PBXProject "Sum" */ = {
			isa = XCConfigurationList;
			buildConfigurations = (
				262F81862A7AE0E800B91ACC /* Debug */,
				262F81872A7AE0E800B91ACC /* Release */,
			);
			defaultConfigurationIsVisible = 0;
			defaultConfigurationName = Release;
		};
		262F81882A7AE0E800B91ACC /* Build configuration list for PBXNativeTarget "Sum" */ = {
			isa = XCConfigurationList;
			buildConfigurations = (
				262F81892A7AE0E800B91ACC /* Debug */,
				262F818A2A7AE0E800B91ACC /* Release */,
			);
			defaultConfigurationIsVisible = 0;
			defaultConfigurationName = Release;
		};
		262F818B2A7AE0E800B91ACC /* Build configuration list for PBXNativeTarget "SumTests" */ = {
			isa = XCConfigurationList;
			buildConfigurations = (
				262F818C2A7AE0E800B91ACC /* Debug */,
				262F818D2A7AE0E800B91ACC /* Release */,
			);
			defaultConfigurationIsVisible = 0;
			defaultConfigurationName = Release;
		};
		262F818E2A7AE0E800B91ACC /* Build configuration list for PBXNativeTarget "SumUITests" */ = {
			isa = XCConfigurationList;
			buildConfigurations = (
				262F818F2A7AE0E800B91ACC /* Debug */,
				262F81902A7AE0E800B91ACC /* Release */,
			);
			defaultConfigurationIsVisible = 0;
			defaultConfigurationName = Release;
		};
/* End XCConfigurationList section */
	};
	rootObject = 262F815C2A7AE0E700B91ACC /* Project object */;
}
